// !$*UTF8*$!
{
	archiveVersion = 1;
	classes = {
	};
	objectVersion = 46;
	objects = {

/* Begin PBXBuildFile section */
		5B1A5E0D155C68F400FBED48 /* MyForm.h in Headers */ = {isa = PBXBuildFile; fileRef = 5B1A5E0B155C68F400FBED48 /* MyForm.h */; };
		5B1A5E16155C6C4800FBED48 /* UIKit.framework in Frameworks */ = {isa = PBXBuildFile; fileRef = 1DF5F4DF0D08C38300B7A737 /* UIKit.framework */; };
		5B1A5E17155C6C4800FBED48 /* Foundation.framework in Frameworks */ = {isa = PBXBuildFile; fileRef = 1D30AB110D05D00D00671497 /* Foundation.framework */; };
		5B1A5E18155C6C4800FBED48 /* CoreGraphics.framework in Frameworks */ = {isa = PBXBuildFile; fileRef = 288765FC0DF74451002DB57D /* CoreGraphics.framework */; };
		5B1A5E1E155C6C4800FBED48 /* InfoPlist.strings in Resources */ = {isa = PBXBuildFile; fileRef = 5B1A5E1C155C6C4800FBED48 /* InfoPlist.strings */; };
		5B1A5E20155C6C4800FBED48 /* main.m in Sources */ = {isa = PBXBuildFile; fileRef = 5B1A5E1F155C6C4800FBED48 /* main.m */; };
		5B1A5E24155C6C4800FBED48 /* AppDelegate.m in Sources */ = {isa = PBXBuildFile; fileRef = 5B1A5E23155C6C4800FBED48 /* AppDelegate.m */; };
		5B1A5E28155C6C7A00FBED48 /* OWForm.m in Sources */ = {isa = PBXBuildFile; fileRef = 5B3ACCC0124B1AF0006B4BCC /* OWForm.m */; };
		5B1A5E29155C6C7A00FBED48 /* OWSection.m in Sources */ = {isa = PBXBuildFile; fileRef = F3E61881124E80240034F236 /* OWSection.m */; };
		5B1A5E2A155C6C7A00FBED48 /* OWTableViewCell.m in Sources */ = {isa = PBXBuildFile; fileRef = 5B7B6B79125184CE0003EE50 /* OWTableViewCell.m */; };
		5B1A5E2B155C6C7A00FBED48 /* StringController.m in Sources */ = {isa = PBXBuildFile; fileRef = F3E6185D124E7D2B0034F236 /* StringController.m */; };
		5B1A5E2C155C6C7A00FBED48 /* NumberController.m in Sources */ = {isa = PBXBuildFile; fileRef = F3E6185B124E7D2B0034F236 /* NumberController.m */; };
		5B1A5E2D155C6C7A00FBED48 /* DateController.m in Sources */ = {isa = PBXBuildFile; fileRef = F3E61A63124EA0100034F236 /* DateController.m */; };
		5B1A5E2E155C6C7A00FBED48 /* DatetimeController.m in Sources */ = {isa = PBXBuildFile; fileRef = F3E61854124E7D2B0034F236 /* DatetimeController.m */; };
		5B1A5E2F155C6C7A00FBED48 /* NotesController.m in Sources */ = {isa = PBXBuildFile; fileRef = F3E61859124E7D2B0034F236 /* NotesController.m */; };
		5B1A5E30155C6C7A00FBED48 /* ImageController.m in Sources */ = {isa = PBXBuildFile; fileRef = F31E04D4125BCB1100A96758 /* ImageController.m */; };
		5B1A5E31155C6C7A00FBED48 /* ListController.m in Sources */ = {isa = PBXBuildFile; fileRef = F31C275D129C61C4009705D2 /* ListController.m */; };
		5B1A5E32155C6C7A00FBED48 /* OWField.m in Sources */ = {isa = PBXBuildFile; fileRef = 5B3ACCC3124B1FE7006B4BCC /* OWField.m */; };
		5B1A5E33155C6C7A00FBED48 /* OWFieldNotes.m in Sources */ = {isa = PBXBuildFile; fileRef = F33EB95F1347BB6300CD4196 /* OWFieldNotes.m */; };
		5B1A5E34155C6C7A00FBED48 /* OWFieldNumber.m in Sources */ = {isa = PBXBuildFile; fileRef = F33EB95C1347B23D00CD4196 /* OWFieldNumber.m */; };
		5B1A5E35155C6C7A00FBED48 /* OWFieldText.m in Sources */ = {isa = PBXBuildFile; fileRef = F33EB9591347A30B00CD4196 /* OWFieldText.m */; };
		5B1A5E36155C6C7A00FBED48 /* OWFieldDate.m in Sources */ = {isa = PBXBuildFile; fileRef = F33EB9631347BE1D00CD4196 /* OWFieldDate.m */; };
		5B1A5E37155C6C7A00FBED48 /* OWFieldDateTime.m in Sources */ = {isa = PBXBuildFile; fileRef = F33EB9661347BEA600CD4196 /* OWFieldDateTime.m */; };
		5B1A5E38155C6C7A00FBED48 /* OWFieldImage.m in Sources */ = {isa = PBXBuildFile; fileRef = F33EB9691347BF2200CD4196 /* OWFieldImage.m */; };
		5B1A5E39155C6C7A00FBED48 /* OWFieldForm.m in Sources */ = {isa = PBXBuildFile; fileRef = F33EB96C1347BFAD00CD4196 /* OWFieldForm.m */; };
		5B1A5E3A155C6C7A00FBED48 /* OWFieldList.m in Sources */ = {isa = PBXBuildFile; fileRef = F33EB96F1347BFFB00CD4196 /* OWFieldList.m */; };
		5B1A5E3B155C6C7A00FBED48 /* OWFieldSwitch.m in Sources */ = {isa = PBXBuildFile; fileRef = F33EB9721347D72C00CD4196 /* OWFieldSwitch.m */; };
		5B1A5E3C155C6CE900FBED48 /* MyForm.m in Sources */ = {isa = PBXBuildFile; fileRef = 5B1A5E0C155C68F400FBED48 /* MyForm.m */; };
		5B1A5E3D155C725100FBED48 /* StringController.xib in Resources */ = {isa = PBXBuildFile; fileRef = F3E61A82124EA15D0034F236 /* StringController.xib */; };
		5B1A5E3E155C725100FBED48 /* NumberController.xib in Resources */ = {isa = PBXBuildFile; fileRef = F327C95B124EA5EF0097B24B /* NumberController.xib */; };
		5B730E1216EEF7E600F6B2A0 /* form-field-bg@2x.png in Resources */ = {isa = PBXBuildFile; fileRef = 5B730E1116EEF7E600F6B2A0 /* form-field-bg@2x.png */; };
		5B730E1316EEF7E600F6B2A0 /* form-field-bg@2x.png in Resources */ = {isa = PBXBuildFile; fileRef = 5B730E1116EEF7E600F6B2A0 /* form-field-bg@2x.png */; };
		5B730E1616EEFE2B00F6B2A0 /* OWTextField.h in Headers */ = {isa = PBXBuildFile; fileRef = 5B730E1416EEFE2B00F6B2A0 /* OWTextField.h */; };
		5B730E1716EEFE2B00F6B2A0 /* OWTextField.m in Sources */ = {isa = PBXBuildFile; fileRef = 5B730E1516EEFE2B00F6B2A0 /* OWTextField.m */; };
		5B730E1816EEFE2B00F6B2A0 /* OWTextField.m in Sources */ = {isa = PBXBuildFile; fileRef = 5B730E1516EEFE2B00F6B2A0 /* OWTextField.m */; };
		5B730E1916EEFE2B00F6B2A0 /* OWTextField.m in Sources */ = {isa = PBXBuildFile; fileRef = 5B730E1516EEFE2B00F6B2A0 /* OWTextField.m */; };
		5B93E57F134AD54600601601 /* UIKit.framework in Frameworks */ = {isa = PBXBuildFile; fileRef = 1DF5F4DF0D08C38300B7A737 /* UIKit.framework */; };
		5B93E580134AD54600601601 /* Foundation.framework in Frameworks */ = {isa = PBXBuildFile; fileRef = 1D30AB110D05D00D00671497 /* Foundation.framework */; };
		5B93E581134AD54600601601 /* CoreGraphics.framework in Frameworks */ = {isa = PBXBuildFile; fileRef = 288765FC0DF74451002DB57D /* CoreGraphics.framework */; };
		5B93E584134AD54600601601 /* libOWForms.a in Frameworks */ = {isa = PBXBuildFile; fileRef = 5B93E574134AD54500601601 /* libOWForms.a */; };
		5B93E58A134AD54600601601 /* InfoPlist.strings in Resources */ = {isa = PBXBuildFile; fileRef = 5B93E588134AD54600601601 /* InfoPlist.strings */; };
		5B93E58D134AD54600601601 /* OWFormsTests.h in Resources */ = {isa = PBXBuildFile; fileRef = 5B93E58C134AD54600601601 /* OWFormsTests.h */; };
		5B93E58F134AD54600601601 /* OWFormsTests.m in Sources */ = {isa = PBXBuildFile; fileRef = 5B93E58E134AD54600601601 /* OWFormsTests.m */; };
		5B93E599134AD61700601601 /* OWForms.h in Headers */ = {isa = PBXBuildFile; fileRef = 5B93E598134AD61300601601 /* OWForms.h */; settings = {ATTRIBUTES = (Public, ); }; };
		5B93E59A134AD6DB00601601 /* OWForm.m in Sources */ = {isa = PBXBuildFile; fileRef = 5B3ACCC0124B1AF0006B4BCC /* OWForm.m */; };
		5B93E59B134AD6DB00601601 /* OWSection.m in Sources */ = {isa = PBXBuildFile; fileRef = F3E61881124E80240034F236 /* OWSection.m */; };
		5B93E59C134AD6DB00601601 /* OWTableViewCell.m in Sources */ = {isa = PBXBuildFile; fileRef = 5B7B6B79125184CE0003EE50 /* OWTableViewCell.m */; };
		5B93E59D134AD6DB00601601 /* OWField.m in Sources */ = {isa = PBXBuildFile; fileRef = 5B3ACCC3124B1FE7006B4BCC /* OWField.m */; };
		5B93E59E134AD6DB00601601 /* OWFieldNotes.m in Sources */ = {isa = PBXBuildFile; fileRef = F33EB95F1347BB6300CD4196 /* OWFieldNotes.m */; };
		5B93E59F134AD6DB00601601 /* OWFieldNumber.m in Sources */ = {isa = PBXBuildFile; fileRef = F33EB95C1347B23D00CD4196 /* OWFieldNumber.m */; };
		5B93E5A0134AD6DB00601601 /* OWFieldText.m in Sources */ = {isa = PBXBuildFile; fileRef = F33EB9591347A30B00CD4196 /* OWFieldText.m */; };
		5B93E5A1134AD6DB00601601 /* OWFieldDate.m in Sources */ = {isa = PBXBuildFile; fileRef = F33EB9631347BE1D00CD4196 /* OWFieldDate.m */; };
		5B93E5A2134AD6DB00601601 /* OWFieldDateTime.m in Sources */ = {isa = PBXBuildFile; fileRef = F33EB9661347BEA600CD4196 /* OWFieldDateTime.m */; };
		5B93E5A3134AD6DB00601601 /* OWFieldImage.m in Sources */ = {isa = PBXBuildFile; fileRef = F33EB9691347BF2200CD4196 /* OWFieldImage.m */; };
		5B93E5A4134AD6DB00601601 /* OWFieldForm.m in Sources */ = {isa = PBXBuildFile; fileRef = F33EB96C1347BFAD00CD4196 /* OWFieldForm.m */; };
		5B93E5A5134AD6DB00601601 /* OWFieldList.m in Sources */ = {isa = PBXBuildFile; fileRef = F33EB96F1347BFFB00CD4196 /* OWFieldList.m */; };
		5B93E5A6134AD6DB00601601 /* OWFieldSwitch.m in Sources */ = {isa = PBXBuildFile; fileRef = F33EB9721347D72C00CD4196 /* OWFieldSwitch.m */; };
		5B93E5A7134AD6DB00601601 /* StringController.m in Sources */ = {isa = PBXBuildFile; fileRef = F3E6185D124E7D2B0034F236 /* StringController.m */; };
		5B93E5A8134AD6DB00601601 /* NumberController.m in Sources */ = {isa = PBXBuildFile; fileRef = F3E6185B124E7D2B0034F236 /* NumberController.m */; };
		5B93E5A9134AD6DB00601601 /* DateController.m in Sources */ = {isa = PBXBuildFile; fileRef = F3E61A63124EA0100034F236 /* DateController.m */; };
		5B93E5AA134AD6DB00601601 /* DatetimeController.m in Sources */ = {isa = PBXBuildFile; fileRef = F3E61854124E7D2B0034F236 /* DatetimeController.m */; };
		5B93E5AB134AD6DB00601601 /* NotesController.m in Sources */ = {isa = PBXBuildFile; fileRef = F3E61859124E7D2B0034F236 /* NotesController.m */; };
		5B93E5AC134AD6DB00601601 /* ImageController.m in Sources */ = {isa = PBXBuildFile; fileRef = F31E04D4125BCB1100A96758 /* ImageController.m */; };
		5B93E5AD134AD6DB00601601 /* ListController.m in Sources */ = {isa = PBXBuildFile; fileRef = F31C275D129C61C4009705D2 /* ListController.m */; };
		5B93E5B0134AD72300601601 /* OWForm.h in Headers */ = {isa = PBXBuildFile; fileRef = 5B3ACCBF124B1AF0006B4BCC /* OWForm.h */; settings = {ATTRIBUTES = (Public, ); }; };
		5B93E5B1134AD72300601601 /* OWSection.h in Headers */ = {isa = PBXBuildFile; fileRef = F3E61880124E80240034F236 /* OWSection.h */; settings = {ATTRIBUTES = (Public, ); }; };
		5B93E5B2134AD72300601601 /* OWTableViewCell.h in Headers */ = {isa = PBXBuildFile; fileRef = 5B7B6B78125184CE0003EE50 /* OWTableViewCell.h */; settings = {ATTRIBUTES = (Public, ); }; };
		5B93E5B3134AD72300601601 /* OWField.h in Headers */ = {isa = PBXBuildFile; fileRef = 5B3ACCC2124B1FE7006B4BCC /* OWField.h */; settings = {ATTRIBUTES = (Public, ); }; };
		5B93E5B4134AD72300601601 /* OWFieldNotes.h in Headers */ = {isa = PBXBuildFile; fileRef = F33EB95E1347BB6300CD4196 /* OWFieldNotes.h */; settings = {ATTRIBUTES = (Public, ); }; };
		5B93E5B5134AD72300601601 /* OWFieldNumber.h in Headers */ = {isa = PBXBuildFile; fileRef = F33EB95B1347B23D00CD4196 /* OWFieldNumber.h */; settings = {ATTRIBUTES = (Public, ); }; };
		5B93E5B6134AD72300601601 /* OWFieldText.h in Headers */ = {isa = PBXBuildFile; fileRef = F33EB9581347A30B00CD4196 /* OWFieldText.h */; settings = {ATTRIBUTES = (Public, ); }; };
		5B93E5B7134AD72300601601 /* OWFieldDate.h in Headers */ = {isa = PBXBuildFile; fileRef = F33EB9621347BE1D00CD4196 /* OWFieldDate.h */; settings = {ATTRIBUTES = (Public, ); }; };
		5B93E5B8134AD72300601601 /* OWFieldDateTime.h in Headers */ = {isa = PBXBuildFile; fileRef = F33EB9651347BEA600CD4196 /* OWFieldDateTime.h */; settings = {ATTRIBUTES = (Public, ); }; };
		5B93E5B9134AD72300601601 /* OWFieldImage.h in Headers */ = {isa = PBXBuildFile; fileRef = F33EB9681347BF2200CD4196 /* OWFieldImage.h */; settings = {ATTRIBUTES = (Public, ); }; };
		5B93E5BA134AD72300601601 /* OWFieldForm.h in Headers */ = {isa = PBXBuildFile; fileRef = F33EB96B1347BFAC00CD4196 /* OWFieldForm.h */; settings = {ATTRIBUTES = (Public, ); }; };
		5B93E5BB134AD72300601601 /* OWFieldList.h in Headers */ = {isa = PBXBuildFile; fileRef = F33EB96E1347BFFA00CD4196 /* OWFieldList.h */; settings = {ATTRIBUTES = (Public, ); }; };
		5B93E5BC134AD72300601601 /* OWFieldSwitch.h in Headers */ = {isa = PBXBuildFile; fileRef = F33EB9711347D72C00CD4196 /* OWFieldSwitch.h */; settings = {ATTRIBUTES = (Public, ); }; };
		5B93E5BD134AD72300601601 /* StringController.h in Headers */ = {isa = PBXBuildFile; fileRef = F3E6185C124E7D2B0034F236 /* StringController.h */; };
		5B93E5BE134AD72300601601 /* NumberController.h in Headers */ = {isa = PBXBuildFile; fileRef = F3E6185A124E7D2B0034F236 /* NumberController.h */; };
		5B93E5BF134AD72300601601 /* DateController.h in Headers */ = {isa = PBXBuildFile; fileRef = F3E61A62124EA0100034F236 /* DateController.h */; };
		5B93E5C0134AD72300601601 /* DatetimeController.h in Headers */ = {isa = PBXBuildFile; fileRef = F3E61853124E7D2B0034F236 /* DatetimeController.h */; };
		5B93E5C1134AD72300601601 /* NotesController.h in Headers */ = {isa = PBXBuildFile; fileRef = F3E61858124E7D2B0034F236 /* NotesController.h */; };
		5B93E5C2134AD72300601601 /* ImageController.h in Headers */ = {isa = PBXBuildFile; fileRef = F31E04D3125BCB1100A96758 /* ImageController.h */; };
		5B93E5C3134AD72300601601 /* ListController.h in Headers */ = {isa = PBXBuildFile; fileRef = F31C275C129C61C4009705D2 /* ListController.h */; };
		5BAB317D155D883F00DC6907 /* NotesController.xib in Resources */ = {isa = PBXBuildFile; fileRef = 5BAB317C155D883F00DC6907 /* NotesController.xib */; };
		5BAB317F155D884A00DC6907 /* NotesController.xib in Resources */ = {isa = PBXBuildFile; fileRef = 5BAB317C155D883F00DC6907 /* NotesController.xib */; };
		5BE1838716EED5C500B2D4AF /* Default-568h@2x.png in Resources */ = {isa = PBXBuildFile; fileRef = 5BE1838616EED5C500B2D4AF /* Default-568h@2x.png */; };
		5BE1838A16EEE0B300B2D4AF /* OWFormViewController.h in Headers */ = {isa = PBXBuildFile; fileRef = 5BE1838816EEE0B300B2D4AF /* OWFormViewController.h */; };
		5BE1838B16EEE0B300B2D4AF /* OWFormViewController.m in Sources */ = {isa = PBXBuildFile; fileRef = 5BE1838916EEE0B300B2D4AF /* OWFormViewController.m */; };
		5BE1838E16EEE52F00B2D4AF /* OWFieldTextDedicated.h in Headers */ = {isa = PBXBuildFile; fileRef = 5BE1838C16EEE52F00B2D4AF /* OWFieldTextDedicated.h */; };
		5BE1838F16EEE52F00B2D4AF /* OWFieldTextDedicated.m in Sources */ = {isa = PBXBuildFile; fileRef = 5BE1838D16EEE52F00B2D4AF /* OWFieldTextDedicated.m */; };
		5BE1839016EEE52F00B2D4AF /* OWFieldTextDedicated.m in Sources */ = {isa = PBXBuildFile; fileRef = 5BE1838D16EEE52F00B2D4AF /* OWFieldTextDedicated.m */; };
		5BE1839116EEE6F600B2D4AF /* OWFormViewController.m in Sources */ = {isa = PBXBuildFile; fileRef = 5BE1838916EEE0B300B2D4AF /* OWFormViewController.m */; };
/* End PBXBuildFile section */

/* Begin PBXContainerItemProxy section */
		5B93E582134AD54600601601 /* PBXContainerItemProxy */ = {
			isa = PBXContainerItemProxy;
			containerPortal = 29B97313FDCFA39411CA2CEA /* Project object */;
			proxyType = 1;
			remoteGlobalIDString = 5B93E573134AD54500601601;
			remoteInfo = OWForms;
		};
/* End PBXContainerItemProxy section */

/* Begin PBXFileReference section */
		1D30AB110D05D00D00671497 /* Foundation.framework */ = {isa = PBXFileReference; lastKnownFileType = wrapper.framework; name = Foundation.framework; path = System/Library/Frameworks/Foundation.framework; sourceTree = SDKROOT; };
		1DF5F4DF0D08C38300B7A737 /* UIKit.framework */ = {isa = PBXFileReference; lastKnownFileType = wrapper.framework; name = UIKit.framework; path = System/Library/Frameworks/UIKit.framework; sourceTree = SDKROOT; };
		288765FC0DF74451002DB57D /* CoreGraphics.framework */ = {isa = PBXFileReference; lastKnownFileType = wrapper.framework; name = CoreGraphics.framework; path = System/Library/Frameworks/CoreGraphics.framework; sourceTree = SDKROOT; };
		5B1A5E0B155C68F400FBED48 /* MyForm.h */ = {isa = PBXFileReference; fileEncoding = 4; lastKnownFileType = sourcecode.c.h; name = MyForm.h; path = ../OWFormsTests/MyForm.h; sourceTree = "<group>"; };
		5B1A5E0C155C68F400FBED48 /* MyForm.m */ = {isa = PBXFileReference; fileEncoding = 4; lastKnownFileType = sourcecode.c.objc; name = MyForm.m; path = ../OWFormsTests/MyForm.m; sourceTree = "<group>"; };
		5B1A5E14155C6C4800FBED48 /* OWFormExampleApp.app */ = {isa = PBXFileReference; explicitFileType = wrapper.application; includeInIndex = 0; path = OWFormExampleApp.app; sourceTree = BUILT_PRODUCTS_DIR; };
		5B1A5E1B155C6C4800FBED48 /* OWFormExampleApp-Info.plist */ = {isa = PBXFileReference; lastKnownFileType = text.plist.xml; path = "OWFormExampleApp-Info.plist"; sourceTree = "<group>"; };
		5B1A5E1D155C6C4800FBED48 /* en */ = {isa = PBXFileReference; lastKnownFileType = text.plist.strings; name = en; path = en.lproj/InfoPlist.strings; sourceTree = "<group>"; };
		5B1A5E1F155C6C4800FBED48 /* main.m */ = {isa = PBXFileReference; lastKnownFileType = sourcecode.c.objc; path = main.m; sourceTree = "<group>"; };
		5B1A5E21155C6C4800FBED48 /* OWFormExampleApp-Prefix.pch */ = {isa = PBXFileReference; lastKnownFileType = sourcecode.c.h; path = "OWFormExampleApp-Prefix.pch"; sourceTree = "<group>"; };
		5B1A5E22155C6C4800FBED48 /* AppDelegate.h */ = {isa = PBXFileReference; lastKnownFileType = sourcecode.c.h; path = AppDelegate.h; sourceTree = "<group>"; };
		5B1A5E23155C6C4800FBED48 /* AppDelegate.m */ = {isa = PBXFileReference; lastKnownFileType = sourcecode.c.objc; path = AppDelegate.m; sourceTree = "<group>"; };
		5B3ACCBF124B1AF0006B4BCC /* OWForm.h */ = {isa = PBXFileReference; fileEncoding = 4; lastKnownFileType = sourcecode.c.h; path = OWForm.h; sourceTree = "<group>"; };
		5B3ACCC0124B1AF0006B4BCC /* OWForm.m */ = {isa = PBXFileReference; fileEncoding = 4; lastKnownFileType = sourcecode.c.objc; path = OWForm.m; sourceTree = "<group>"; };
		5B3ACCC2124B1FE7006B4BCC /* OWField.h */ = {isa = PBXFileReference; fileEncoding = 4; lastKnownFileType = sourcecode.c.h; path = OWField.h; sourceTree = "<group>"; };
		5B3ACCC3124B1FE7006B4BCC /* OWField.m */ = {isa = PBXFileReference; fileEncoding = 4; lastKnownFileType = sourcecode.c.objc; path = OWField.m; sourceTree = "<group>"; };
		5B730E1116EEF7E600F6B2A0 /* form-field-bg@2x.png */ = {isa = PBXFileReference; lastKnownFileType = image.png; path = "form-field-bg@2x.png"; sourceTree = "<group>"; };
		5B730E1416EEFE2B00F6B2A0 /* OWTextField.h */ = {isa = PBXFileReference; fileEncoding = 4; lastKnownFileType = sourcecode.c.h; path = OWTextField.h; sourceTree = "<group>"; };
		5B730E1516EEFE2B00F6B2A0 /* OWTextField.m */ = {isa = PBXFileReference; fileEncoding = 4; lastKnownFileType = sourcecode.c.objc; path = OWTextField.m; sourceTree = "<group>"; };
		5B7B6B78125184CE0003EE50 /* OWTableViewCell.h */ = {isa = PBXFileReference; fileEncoding = 4; lastKnownFileType = sourcecode.c.h; path = OWTableViewCell.h; sourceTree = "<group>"; };
		5B7B6B79125184CE0003EE50 /* OWTableViewCell.m */ = {isa = PBXFileReference; fileEncoding = 4; lastKnownFileType = sourcecode.c.objc; path = OWTableViewCell.m; sourceTree = "<group>"; };
		5B93E574134AD54500601601 /* libOWForms.a */ = {isa = PBXFileReference; explicitFileType = archive.ar; includeInIndex = 0; path = libOWForms.a; sourceTree = BUILT_PRODUCTS_DIR; };
		5B93E578134AD54600601601 /* OWForms-Prefix.pch */ = {isa = PBXFileReference; lastKnownFileType = sourcecode.c.h; name = "OWForms-Prefix.pch"; path = "OWForms/OWForms-Prefix.pch"; sourceTree = "<group>"; };
		5B93E57E134AD54600601601 /* OWFormsTests.octest */ = {isa = PBXFileReference; explicitFileType = wrapper.cfbundle; includeInIndex = 0; path = OWFormsTests.octest; sourceTree = BUILT_PRODUCTS_DIR; };
		5B93E587134AD54600601601 /* OWFormsTests-Info.plist */ = {isa = PBXFileReference; lastKnownFileType = text.plist.xml; path = "OWFormsTests-Info.plist"; sourceTree = "<group>"; };
		5B93E589134AD54600601601 /* en */ = {isa = PBXFileReference; lastKnownFileType = text.plist.strings; name = en; path = en.lproj/InfoPlist.strings; sourceTree = "<group>"; };
		5B93E58B134AD54600601601 /* OWFormsTests-Prefix.pch */ = {isa = PBXFileReference; lastKnownFileType = sourcecode.c.h; path = "OWFormsTests-Prefix.pch"; sourceTree = "<group>"; };
		5B93E58C134AD54600601601 /* OWFormsTests.h */ = {isa = PBXFileReference; lastKnownFileType = sourcecode.c.h; path = OWFormsTests.h; sourceTree = "<group>"; };
		5B93E58E134AD54600601601 /* OWFormsTests.m */ = {isa = PBXFileReference; lastKnownFileType = sourcecode.c.objc; path = OWFormsTests.m; sourceTree = "<group>"; };
		5B93E598134AD61300601601 /* OWForms.h */ = {isa = PBXFileReference; fileEncoding = 4; lastKnownFileType = sourcecode.c.h; path = OWForms.h; sourceTree = "<group>"; };
		5BAB317C155D883F00DC6907 /* NotesController.xib */ = {isa = PBXFileReference; fileEncoding = 4; lastKnownFileType = file.xib; path = NotesController.xib; sourceTree = "<group>"; };
		5BE1838616EED5C500B2D4AF /* Default-568h@2x.png */ = {isa = PBXFileReference; lastKnownFileType = image.png; path = "Default-568h@2x.png"; sourceTree = "<group>"; };
		5BE1838816EEE0B300B2D4AF /* OWFormViewController.h */ = {isa = PBXFileReference; fileEncoding = 4; lastKnownFileType = sourcecode.c.h; path = OWFormViewController.h; sourceTree = "<group>"; };
		5BE1838916EEE0B300B2D4AF /* OWFormViewController.m */ = {isa = PBXFileReference; fileEncoding = 4; lastKnownFileType = sourcecode.c.objc; path = OWFormViewController.m; sourceTree = "<group>"; };
		5BE1838C16EEE52F00B2D4AF /* OWFieldTextDedicated.h */ = {isa = PBXFileReference; fileEncoding = 4; lastKnownFileType = sourcecode.c.h; path = OWFieldTextDedicated.h; sourceTree = "<group>"; };
		5BE1838D16EEE52F00B2D4AF /* OWFieldTextDedicated.m */ = {isa = PBXFileReference; fileEncoding = 4; lastKnownFileType = sourcecode.c.objc; path = OWFieldTextDedicated.m; sourceTree = "<group>"; };
		F31C275C129C61C4009705D2 /* ListController.h */ = {isa = PBXFileReference; fileEncoding = 4; lastKnownFileType = sourcecode.c.h; path = ListController.h; sourceTree = "<group>"; };
		F31C275D129C61C4009705D2 /* ListController.m */ = {isa = PBXFileReference; fileEncoding = 4; lastKnownFileType = sourcecode.c.objc; path = ListController.m; sourceTree = "<group>"; };
		F31E04D3125BCB1100A96758 /* ImageController.h */ = {isa = PBXFileReference; fileEncoding = 4; lastKnownFileType = sourcecode.c.h; path = ImageController.h; sourceTree = "<group>"; };
		F31E04D4125BCB1100A96758 /* ImageController.m */ = {isa = PBXFileReference; fileEncoding = 4; lastKnownFileType = sourcecode.c.objc; path = ImageController.m; sourceTree = "<group>"; };
		F327C95B124EA5EF0097B24B /* NumberController.xib */ = {isa = PBXFileReference; lastKnownFileType = file.xib; path = NumberController.xib; sourceTree = "<group>"; };
		F33EB9581347A30B00CD4196 /* OWFieldText.h */ = {isa = PBXFileReference; fileEncoding = 4; lastKnownFileType = sourcecode.c.h; path = OWFieldText.h; sourceTree = "<group>"; };
		F33EB9591347A30B00CD4196 /* OWFieldText.m */ = {isa = PBXFileReference; fileEncoding = 4; lastKnownFileType = sourcecode.c.objc; path = OWFieldText.m; sourceTree = "<group>"; };
		F33EB95B1347B23D00CD4196 /* OWFieldNumber.h */ = {isa = PBXFileReference; fileEncoding = 4; lastKnownFileType = sourcecode.c.h; path = OWFieldNumber.h; sourceTree = "<group>"; };
		F33EB95C1347B23D00CD4196 /* OWFieldNumber.m */ = {isa = PBXFileReference; fileEncoding = 4; lastKnownFileType = sourcecode.c.objc; path = OWFieldNumber.m; sourceTree = "<group>"; };
		F33EB95E1347BB6300CD4196 /* OWFieldNotes.h */ = {isa = PBXFileReference; fileEncoding = 4; lastKnownFileType = sourcecode.c.h; path = OWFieldNotes.h; sourceTree = "<group>"; };
		F33EB95F1347BB6300CD4196 /* OWFieldNotes.m */ = {isa = PBXFileReference; fileEncoding = 4; lastKnownFileType = sourcecode.c.objc; path = OWFieldNotes.m; sourceTree = "<group>"; };
		F33EB9621347BE1D00CD4196 /* OWFieldDate.h */ = {isa = PBXFileReference; fileEncoding = 4; lastKnownFileType = sourcecode.c.h; path = OWFieldDate.h; sourceTree = "<group>"; };
		F33EB9631347BE1D00CD4196 /* OWFieldDate.m */ = {isa = PBXFileReference; fileEncoding = 4; lastKnownFileType = sourcecode.c.objc; path = OWFieldDate.m; sourceTree = "<group>"; };
		F33EB9651347BEA600CD4196 /* OWFieldDateTime.h */ = {isa = PBXFileReference; fileEncoding = 4; lastKnownFileType = sourcecode.c.h; path = OWFieldDateTime.h; sourceTree = "<group>"; };
		F33EB9661347BEA600CD4196 /* OWFieldDateTime.m */ = {isa = PBXFileReference; fileEncoding = 4; lastKnownFileType = sourcecode.c.objc; path = OWFieldDateTime.m; sourceTree = "<group>"; };
		F33EB9681347BF2200CD4196 /* OWFieldImage.h */ = {isa = PBXFileReference; fileEncoding = 4; lastKnownFileType = sourcecode.c.h; path = OWFieldImage.h; sourceTree = "<group>"; };
		F33EB9691347BF2200CD4196 /* OWFieldImage.m */ = {isa = PBXFileReference; fileEncoding = 4; lastKnownFileType = sourcecode.c.objc; path = OWFieldImage.m; sourceTree = "<group>"; };
		F33EB96B1347BFAC00CD4196 /* OWFieldForm.h */ = {isa = PBXFileReference; fileEncoding = 4; lastKnownFileType = sourcecode.c.h; path = OWFieldForm.h; sourceTree = "<group>"; };
		F33EB96C1347BFAD00CD4196 /* OWFieldForm.m */ = {isa = PBXFileReference; fileEncoding = 4; lastKnownFileType = sourcecode.c.objc; path = OWFieldForm.m; sourceTree = "<group>"; };
		F33EB96E1347BFFA00CD4196 /* OWFieldList.h */ = {isa = PBXFileReference; fileEncoding = 4; lastKnownFileType = sourcecode.c.h; path = OWFieldList.h; sourceTree = "<group>"; };
		F33EB96F1347BFFB00CD4196 /* OWFieldList.m */ = {isa = PBXFileReference; fileEncoding = 4; lastKnownFileType = sourcecode.c.objc; path = OWFieldList.m; sourceTree = "<group>"; };
		F33EB9711347D72C00CD4196 /* OWFieldSwitch.h */ = {isa = PBXFileReference; fileEncoding = 4; lastKnownFileType = sourcecode.c.h; path = OWFieldSwitch.h; sourceTree = "<group>"; };
		F33EB9721347D72C00CD4196 /* OWFieldSwitch.m */ = {isa = PBXFileReference; fileEncoding = 4; lastKnownFileType = sourcecode.c.objc; path = OWFieldSwitch.m; sourceTree = "<group>"; };
		F3E61853124E7D2B0034F236 /* DatetimeController.h */ = {isa = PBXFileReference; fileEncoding = 4; lastKnownFileType = sourcecode.c.h; path = DatetimeController.h; sourceTree = "<group>"; };
		F3E61854124E7D2B0034F236 /* DatetimeController.m */ = {isa = PBXFileReference; fileEncoding = 4; lastKnownFileType = sourcecode.c.objc; path = DatetimeController.m; sourceTree = "<group>"; };
		F3E61858124E7D2B0034F236 /* NotesController.h */ = {isa = PBXFileReference; fileEncoding = 4; lastKnownFileType = sourcecode.c.h; path = NotesController.h; sourceTree = "<group>"; };
		F3E61859124E7D2B0034F236 /* NotesController.m */ = {isa = PBXFileReference; fileEncoding = 4; lastKnownFileType = sourcecode.c.objc; path = NotesController.m; sourceTree = "<group>"; };
		F3E6185A124E7D2B0034F236 /* NumberController.h */ = {isa = PBXFileReference; fileEncoding = 4; lastKnownFileType = sourcecode.c.h; path = NumberController.h; sourceTree = "<group>"; };
		F3E6185B124E7D2B0034F236 /* NumberController.m */ = {isa = PBXFileReference; fileEncoding = 4; lastKnownFileType = sourcecode.c.objc; path = NumberController.m; sourceTree = "<group>"; };
		F3E6185C124E7D2B0034F236 /* StringController.h */ = {isa = PBXFileReference; fileEncoding = 4; lastKnownFileType = sourcecode.c.h; path = StringController.h; sourceTree = "<group>"; };
		F3E6185D124E7D2B0034F236 /* StringController.m */ = {isa = PBXFileReference; fileEncoding = 4; lastKnownFileType = sourcecode.c.objc; path = StringController.m; sourceTree = "<group>"; };
		F3E61880124E80240034F236 /* OWSection.h */ = {isa = PBXFileReference; fileEncoding = 4; lastKnownFileType = sourcecode.c.h; path = OWSection.h; sourceTree = "<group>"; };
		F3E61881124E80240034F236 /* OWSection.m */ = {isa = PBXFileReference; fileEncoding = 4; lastKnownFileType = sourcecode.c.objc; path = OWSection.m; sourceTree = "<group>"; };
		F3E61A62124EA0100034F236 /* DateController.h */ = {isa = PBXFileReference; fileEncoding = 4; lastKnownFileType = sourcecode.c.h; path = DateController.h; sourceTree = "<group>"; };
		F3E61A63124EA0100034F236 /* DateController.m */ = {isa = PBXFileReference; fileEncoding = 4; lastKnownFileType = sourcecode.c.objc; path = DateController.m; sourceTree = "<group>"; };
		F3E61A82124EA15D0034F236 /* StringController.xib */ = {isa = PBXFileReference; lastKnownFileType = file.xib; path = StringController.xib; sourceTree = "<group>"; };
/* End PBXFileReference section */

/* Begin PBXFrameworksBuildPhase section */
		5B1A5E11155C6C4800FBED48 /* Frameworks */ = {
			isa = PBXFrameworksBuildPhase;
			buildActionMask = 2147483647;
			files = (
				5B1A5E16155C6C4800FBED48 /* UIKit.framework in Frameworks */,
				5B1A5E17155C6C4800FBED48 /* Foundation.framework in Frameworks */,
				5B1A5E18155C6C4800FBED48 /* CoreGraphics.framework in Frameworks */,
			);
			runOnlyForDeploymentPostprocessing = 0;
		};
		5B93E571134AD54500601601 /* Frameworks */ = {
			isa = PBXFrameworksBuildPhase;
			buildActionMask = 2147483647;
			files = (
			);
			runOnlyForDeploymentPostprocessing = 0;
		};
		5B93E57A134AD54600601601 /* Frameworks */ = {
			isa = PBXFrameworksBuildPhase;
			buildActionMask = 2147483647;
			files = (
				5B93E57F134AD54600601601 /* UIKit.framework in Frameworks */,
				5B93E580134AD54600601601 /* Foundation.framework in Frameworks */,
				5B93E581134AD54600601601 /* CoreGraphics.framework in Frameworks */,
				5B93E584134AD54600601601 /* libOWForms.a in Frameworks */,
			);
			runOnlyForDeploymentPostprocessing = 0;
		};
/* End PBXFrameworksBuildPhase section */

/* Begin PBXGroup section */
		19C28FACFE9D520D11CA2CBB /* Products */ = {
			isa = PBXGroup;
			children = (
				5B93E574134AD54500601601 /* libOWForms.a */,
				5B93E57E134AD54600601601 /* OWFormsTests.octest */,
				5B1A5E14155C6C4800FBED48 /* OWFormExampleApp.app */,
			);
			name = Products;
			sourceTree = "<group>";
		};
		28EEBF621118D79A00187D67 /* Sources */ = {
			isa = PBXGroup;
			children = (
				5B3ACCBF124B1AF0006B4BCC /* OWForm.h */,
				5B3ACCC0124B1AF0006B4BCC /* OWForm.m */,
				F3E61880124E80240034F236 /* OWSection.h */,
				F3E61881124E80240034F236 /* OWSection.m */,
				5B7B6B78125184CE0003EE50 /* OWTableViewCell.h */,
				5B7B6B79125184CE0003EE50 /* OWTableViewCell.m */,
				5B62B66012566B1A003764A2 /* ActionControllers */,
				F33EB9611347BDC600CD4196 /* Fields */,
				5BE1838816EEE0B300B2D4AF /* OWFormViewController.h */,
				5BE1838916EEE0B300B2D4AF /* OWFormViewController.m */,
				5B730E1416EEFE2B00F6B2A0 /* OWTextField.h */,
				5B730E1516EEFE2B00F6B2A0 /* OWTextField.m */,
			);
			name = Sources;
			sourceTree = "<group>";
		};
		29B97314FDCFA39411CA2CEA /* CustomTemplate */ = {
			isa = PBXGroup;
			children = (
				5BE1838616EED5C500B2D4AF /* Default-568h@2x.png */,
				5B93E598134AD61300601601 /* OWForms.h */,
				5B93E578134AD54600601601 /* OWForms-Prefix.pch */,
				28EEBF621118D79A00187D67 /* Sources */,
				5B93E585134AD54600601601 /* Tests */,
				5B1A5E19155C6C4800FBED48 /* OWFormExampleApp */,
				29B97323FDCFA39411CA2CEA /* Frameworks */,
				19C28FACFE9D520D11CA2CBB /* Products */,
			);
			name = CustomTemplate;
			sourceTree = "<group>";
		};
		29B97323FDCFA39411CA2CEA /* Frameworks */ = {
			isa = PBXGroup;
			children = (
				1DF5F4DF0D08C38300B7A737 /* UIKit.framework */,
				1D30AB110D05D00D00671497 /* Foundation.framework */,
				288765FC0DF74451002DB57D /* CoreGraphics.framework */,
			);
			name = Frameworks;
			sourceTree = "<group>";
		};
		5B1A5E19155C6C4800FBED48 /* OWFormExampleApp */ = {
			isa = PBXGroup;
			children = (
				5B1A5E22155C6C4800FBED48 /* AppDelegate.h */,
				5B1A5E23155C6C4800FBED48 /* AppDelegate.m */,
				5B1A5E0B155C68F400FBED48 /* MyForm.h */,
				5B1A5E0C155C68F400FBED48 /* MyForm.m */,
				5B1A5E1A155C6C4800FBED48 /* Supporting Files */,
			);
			path = OWFormExampleApp;
			sourceTree = "<group>";
		};
		5B1A5E1A155C6C4800FBED48 /* Supporting Files */ = {
			isa = PBXGroup;
			children = (
				5B1A5E1B155C6C4800FBED48 /* OWFormExampleApp-Info.plist */,
				5B1A5E1C155C6C4800FBED48 /* InfoPlist.strings */,
				5B1A5E1F155C6C4800FBED48 /* main.m */,
				5B1A5E21155C6C4800FBED48 /* OWFormExampleApp-Prefix.pch */,
			);
			name = "Supporting Files";
			sourceTree = "<group>";
		};
		5B62B66012566B1A003764A2 /* ActionControllers */ = {
			isa = PBXGroup;
			children = (
				F3E6185C124E7D2B0034F236 /* StringController.h */,
				F3E6185D124E7D2B0034F236 /* StringController.m */,
				F3E61A82124EA15D0034F236 /* StringController.xib */,
				F3E6185A124E7D2B0034F236 /* NumberController.h */,
				F3E6185B124E7D2B0034F236 /* NumberController.m */,
				F327C95B124EA5EF0097B24B /* NumberController.xib */,
				F3E61A62124EA0100034F236 /* DateController.h */,
				F3E61A63124EA0100034F236 /* DateController.m */,
				F3E61853124E7D2B0034F236 /* DatetimeController.h */,
				F3E61854124E7D2B0034F236 /* DatetimeController.m */,
				F3E61858124E7D2B0034F236 /* NotesController.h */,
				F3E61859124E7D2B0034F236 /* NotesController.m */,
				5BAB317C155D883F00DC6907 /* NotesController.xib */,
				F31E04D3125BCB1100A96758 /* ImageController.h */,
				F31E04D4125BCB1100A96758 /* ImageController.m */,
				F31C275C129C61C4009705D2 /* ListController.h */,
				F31C275D129C61C4009705D2 /* ListController.m */,
			);
			name = ActionControllers;
			sourceTree = "<group>";
		};
		5B93E585134AD54600601601 /* Tests */ = {
			isa = PBXGroup;
			children = (
				5B93E58C134AD54600601601 /* OWFormsTests.h */,
				5B93E58E134AD54600601601 /* OWFormsTests.m */,
				5B93E586134AD54600601601 /* Supporting Files */,
			);
			name = Tests;
			path = OWFormsTests;
			sourceTree = "<group>";
		};
		5B93E586134AD54600601601 /* Supporting Files */ = {
			isa = PBXGroup;
			children = (
				5B93E587134AD54600601601 /* OWFormsTests-Info.plist */,
				5B93E588134AD54600601601 /* InfoPlist.strings */,
				5B93E58B134AD54600601601 /* OWFormsTests-Prefix.pch */,
			);
			name = "Supporting Files";
			sourceTree = "<group>";
		};
		F33EB9611347BDC600CD4196 /* Fields */ = {
			isa = PBXGroup;
			children = (
				5B3ACCC2124B1FE7006B4BCC /* OWField.h */,
				5B3ACCC3124B1FE7006B4BCC /* OWField.m */,
				F33EB95E1347BB6300CD4196 /* OWFieldNotes.h */,
				F33EB95F1347BB6300CD4196 /* OWFieldNotes.m */,
				F33EB95B1347B23D00CD4196 /* OWFieldNumber.h */,
				F33EB95C1347B23D00CD4196 /* OWFieldNumber.m */,
				F33EB9581347A30B00CD4196 /* OWFieldText.h */,
				F33EB9591347A30B00CD4196 /* OWFieldText.m */,
				5BE1838C16EEE52F00B2D4AF /* OWFieldTextDedicated.h */,
				5BE1838D16EEE52F00B2D4AF /* OWFieldTextDedicated.m */,
				F33EB9621347BE1D00CD4196 /* OWFieldDate.h */,
				F33EB9631347BE1D00CD4196 /* OWFieldDate.m */,
				F33EB9651347BEA600CD4196 /* OWFieldDateTime.h */,
				F33EB9661347BEA600CD4196 /* OWFieldDateTime.m */,
				F33EB9681347BF2200CD4196 /* OWFieldImage.h */,
				F33EB9691347BF2200CD4196 /* OWFieldImage.m */,
				F33EB96B1347BFAC00CD4196 /* OWFieldForm.h */,
				F33EB96C1347BFAD00CD4196 /* OWFieldForm.m */,
				F33EB96E1347BFFA00CD4196 /* OWFieldList.h */,
				F33EB96F1347BFFB00CD4196 /* OWFieldList.m */,
				F33EB9711347D72C00CD4196 /* OWFieldSwitch.h */,
				F33EB9721347D72C00CD4196 /* OWFieldSwitch.m */,
				5B730E1116EEF7E600F6B2A0 /* form-field-bg@2x.png */,
			);
			name = Fields;
			sourceTree = "<group>";
		};
/* End PBXGroup section */

/* Begin PBXHeadersBuildPhase section */
		5B93E572134AD54500601601 /* Headers */ = {
			isa = PBXHeadersBuildPhase;
			buildActionMask = 2147483647;
			files = (
				5B93E599134AD61700601601 /* OWForms.h in Headers */,
				5B93E5B0134AD72300601601 /* OWForm.h in Headers */,
				5B93E5B1134AD72300601601 /* OWSection.h in Headers */,
				5B93E5B3134AD72300601601 /* OWField.h in Headers */,
				5B93E5B4134AD72300601601 /* OWFieldNotes.h in Headers */,
				5B93E5B5134AD72300601601 /* OWFieldNumber.h in Headers */,
				5B93E5B6134AD72300601601 /* OWFieldText.h in Headers */,
				5B93E5B7134AD72300601601 /* OWFieldDate.h in Headers */,
				5B93E5B8134AD72300601601 /* OWFieldDateTime.h in Headers */,
				5B93E5B9134AD72300601601 /* OWFieldImage.h in Headers */,
				5B93E5BA134AD72300601601 /* OWFieldForm.h in Headers */,
				5B93E5BB134AD72300601601 /* OWFieldList.h in Headers */,
				5B93E5BC134AD72300601601 /* OWFieldSwitch.h in Headers */,
				5B93E5B2134AD72300601601 /* OWTableViewCell.h in Headers */,
				5B93E5BD134AD72300601601 /* StringController.h in Headers */,
				5B93E5BE134AD72300601601 /* NumberController.h in Headers */,
				5B93E5BF134AD72300601601 /* DateController.h in Headers */,
				5B93E5C0134AD72300601601 /* DatetimeController.h in Headers */,
				5B93E5C1134AD72300601601 /* NotesController.h in Headers */,
				5B93E5C2134AD72300601601 /* ImageController.h in Headers */,
				5B93E5C3134AD72300601601 /* ListController.h in Headers */,
				5B1A5E0D155C68F400FBED48 /* MyForm.h in Headers */,
				5BE1838A16EEE0B300B2D4AF /* OWFormViewController.h in Headers */,
				5BE1838E16EEE52F00B2D4AF /* OWFieldTextDedicated.h in Headers */,
				5B730E1616EEFE2B00F6B2A0 /* OWTextField.h in Headers */,
			);
			runOnlyForDeploymentPostprocessing = 0;
		};
/* End PBXHeadersBuildPhase section */

/* Begin PBXNativeTarget section */
		5B1A5E13155C6C4800FBED48 /* OWFormExampleApp */ = {
			isa = PBXNativeTarget;
			buildConfigurationList = 5B1A5E25155C6C4800FBED48 /* Build configuration list for PBXNativeTarget "OWFormExampleApp" */;
			buildPhases = (
				5B1A5E10155C6C4800FBED48 /* Sources */,
				5B1A5E11155C6C4800FBED48 /* Frameworks */,
				5B1A5E12155C6C4800FBED48 /* Resources */,
			);
			buildRules = (
			);
			dependencies = (
			);
			name = OWFormExampleApp;
			productName = OWFormExampleApp;
			productReference = 5B1A5E14155C6C4800FBED48 /* OWFormExampleApp.app */;
			productType = "com.apple.product-type.application";
		};
		5B93E573134AD54500601601 /* OWForms */ = {
			isa = PBXNativeTarget;
			buildConfigurationList = 5B93E590134AD54600601601 /* Build configuration list for PBXNativeTarget "OWForms" */;
			buildPhases = (
				5B93E570134AD54500601601 /* Sources */,
				5B93E571134AD54500601601 /* Frameworks */,
				5B93E572134AD54500601601 /* Headers */,
			);
			buildRules = (
			);
			dependencies = (
			);
			name = OWForms;
			productName = OWForms;
			productReference = 5B93E574134AD54500601601 /* libOWForms.a */;
			productType = "com.apple.product-type.library.static";
		};
		5B93E57D134AD54600601601 /* OWFormsTests */ = {
			isa = PBXNativeTarget;
			buildConfigurationList = 5B93E593134AD54600601601 /* Build configuration list for PBXNativeTarget "OWFormsTests" */;
			buildPhases = (
				5B93E579134AD54600601601 /* Sources */,
				5B93E57A134AD54600601601 /* Frameworks */,
				5B93E57B134AD54600601601 /* Resources */,
				5B93E57C134AD54600601601 /* ShellScript */,
			);
			buildRules = (
			);
			dependencies = (
				5B93E583134AD54600601601 /* PBXTargetDependency */,
			);
			name = OWFormsTests;
			productName = OWFormsTests;
			productReference = 5B93E57E134AD54600601601 /* OWFormsTests.octest */;
			productType = "com.apple.product-type.bundle";
		};
/* End PBXNativeTarget section */

/* Begin PBXProject section */
		29B97313FDCFA39411CA2CEA /* Project object */ = {
			isa = PBXProject;
			attributes = {
				LastUpgradeCheck = 0460;
			};
			buildConfigurationList = C01FCF4E08A954540054247B /* Build configuration list for PBXProject "OWForms" */;
			compatibilityVersion = "Xcode 3.2";
			developmentRegion = English;
			hasScannedForEncodings = 1;
			knownRegions = (
				English,
				Japanese,
				French,
				German,
				en,
			);
			mainGroup = 29B97314FDCFA39411CA2CEA /* CustomTemplate */;
			projectDirPath = "";
			projectRoot = "";
			targets = (
				5B93E573134AD54500601601 /* OWForms */,
				5B93E57D134AD54600601601 /* OWFormsTests */,
				5B1A5E13155C6C4800FBED48 /* OWFormExampleApp */,
			);
		};
/* End PBXProject section */

/* Begin PBXResourcesBuildPhase section */
		5B1A5E12155C6C4800FBED48 /* Resources */ = {
			isa = PBXResourcesBuildPhase;
			buildActionMask = 2147483647;
			files = (
				5BAB317F155D884A00DC6907 /* NotesController.xib in Resources */,
				5B1A5E3D155C725100FBED48 /* StringController.xib in Resources */,
				5B1A5E3E155C725100FBED48 /* NumberController.xib in Resources */,
				5B1A5E1E155C6C4800FBED48 /* InfoPlist.strings in Resources */,
				5BE1838716EED5C500B2D4AF /* Default-568h@2x.png in Resources */,
				5B730E1316EEF7E600F6B2A0 /* form-field-bg@2x.png in Resources */,
			);
			runOnlyForDeploymentPostprocessing = 0;
		};
		5B93E57B134AD54600601601 /* Resources */ = {
			isa = PBXResourcesBuildPhase;
			buildActionMask = 2147483647;
			files = (
				5B93E58A134AD54600601601 /* InfoPlist.strings in Resources */,
				5B93E58D134AD54600601601 /* OWFormsTests.h in Resources */,
				5BAB317D155D883F00DC6907 /* NotesController.xib in Resources */,
				5B730E1216EEF7E600F6B2A0 /* form-field-bg@2x.png in Resources */,
			);
			runOnlyForDeploymentPostprocessing = 0;
		};
/* End PBXResourcesBuildPhase section */

/* Begin PBXShellScriptBuildPhase section */
		5B93E57C134AD54600601601 /* ShellScript */ = {
			isa = PBXShellScriptBuildPhase;
			buildActionMask = 2147483647;
			files = (
			);
			inputPaths = (
			);
			outputPaths = (
			);
			runOnlyForDeploymentPostprocessing = 0;
			shellPath = /bin/sh;
			shellScript = "# Run the unit tests in this test bundle.\n\"${SYSTEM_DEVELOPER_DIR}/Tools/RunUnitTests\"\n";
		};
/* End PBXShellScriptBuildPhase section */

/* Begin PBXSourcesBuildPhase section */
		5B1A5E10155C6C4800FBED48 /* Sources */ = {
			isa = PBXSourcesBuildPhase;
			buildActionMask = 2147483647;
			files = (
				5B1A5E3C155C6CE900FBED48 /* MyForm.m in Sources */,
				5B1A5E28155C6C7A00FBED48 /* OWForm.m in Sources */,
				5B1A5E29155C6C7A00FBED48 /* OWSection.m in Sources */,
				5B1A5E2A155C6C7A00FBED48 /* OWTableViewCell.m in Sources */,
				5B1A5E2B155C6C7A00FBED48 /* StringController.m in Sources */,
				5B1A5E2C155C6C7A00FBED48 /* NumberController.m in Sources */,
				5B1A5E2D155C6C7A00FBED48 /* DateController.m in Sources */,
				5B1A5E2E155C6C7A00FBED48 /* DatetimeController.m in Sources */,
				5B1A5E2F155C6C7A00FBED48 /* NotesController.m in Sources */,
				5B1A5E30155C6C7A00FBED48 /* ImageController.m in Sources */,
				5B1A5E31155C6C7A00FBED48 /* ListController.m in Sources */,
				5B1A5E32155C6C7A00FBED48 /* OWField.m in Sources */,
				5B1A5E33155C6C7A00FBED48 /* OWFieldNotes.m in Sources */,
				5B1A5E34155C6C7A00FBED48 /* OWFieldNumber.m in Sources */,
				5B1A5E35155C6C7A00FBED48 /* OWFieldText.m in Sources */,
				5B1A5E36155C6C7A00FBED48 /* OWFieldDate.m in Sources */,
				5B1A5E37155C6C7A00FBED48 /* OWFieldDateTime.m in Sources */,
				5B1A5E38155C6C7A00FBED48 /* OWFieldImage.m in Sources */,
				5B1A5E39155C6C7A00FBED48 /* OWFieldForm.m in Sources */,
				5B1A5E3A155C6C7A00FBED48 /* OWFieldList.m in Sources */,
				5B1A5E3B155C6C7A00FBED48 /* OWFieldSwitch.m in Sources */,
				5BE1839116EEE6F600B2D4AF /* OWFormViewController.m in Sources */,
				5B1A5E20155C6C4800FBED48 /* main.m in Sources */,
				5B1A5E24155C6C4800FBED48 /* AppDelegate.m in Sources */,
				5BE1839016EEE52F00B2D4AF /* OWFieldTextDedicated.m in Sources */,
				5B730E1916EEFE2B00F6B2A0 /* OWTextField.m in Sources */,
			);
			runOnlyForDeploymentPostprocessing = 0;
		};
		5B93E570134AD54500601601 /* Sources */ = {
			isa = PBXSourcesBuildPhase;
			buildActionMask = 2147483647;
			files = (
				5B93E59A134AD6DB00601601 /* OWForm.m in Sources */,
				5B93E59B134AD6DB00601601 /* OWSection.m in Sources */,
				5B93E59C134AD6DB00601601 /* OWTableViewCell.m in Sources */,
				5B93E59D134AD6DB00601601 /* OWField.m in Sources */,
				5B93E59E134AD6DB00601601 /* OWFieldNotes.m in Sources */,
				5B93E59F134AD6DB00601601 /* OWFieldNumber.m in Sources */,
				5B93E5A0134AD6DB00601601 /* OWFieldText.m in Sources */,
				5B93E5A1134AD6DB00601601 /* OWFieldDate.m in Sources */,
				5B93E5A2134AD6DB00601601 /* OWFieldDateTime.m in Sources */,
				5B93E5A3134AD6DB00601601 /* OWFieldImage.m in Sources */,
				5B93E5A4134AD6DB00601601 /* OWFieldForm.m in Sources */,
				5B93E5A5134AD6DB00601601 /* OWFieldList.m in Sources */,
				5B93E5A6134AD6DB00601601 /* OWFieldSwitch.m in Sources */,
				5B93E5A7134AD6DB00601601 /* StringController.m in Sources */,
				5B93E5A8134AD6DB00601601 /* NumberController.m in Sources */,
				5B93E5A9134AD6DB00601601 /* DateController.m in Sources */,
				5B93E5AA134AD6DB00601601 /* DatetimeController.m in Sources */,
				5B93E5AB134AD6DB00601601 /* NotesController.m in Sources */,
				5B93E5AC134AD6DB00601601 /* ImageController.m in Sources */,
				5B93E5AD134AD6DB00601601 /* ListController.m in Sources */,
				5BE1838B16EEE0B300B2D4AF /* OWFormViewController.m in Sources */,
				5BE1838F16EEE52F00B2D4AF /* OWFieldTextDedicated.m in Sources */,
				5B730E1716EEFE2B00F6B2A0 /* OWTextField.m in Sources */,
			);
			runOnlyForDeploymentPostprocessing = 0;
		};
		5B93E579134AD54600601601 /* Sources */ = {
			isa = PBXSourcesBuildPhase;
			buildActionMask = 2147483647;
			files = (
				5B93E58F134AD54600601601 /* OWFormsTests.m in Sources */,
				5B730E1816EEFE2B00F6B2A0 /* OWTextField.m in Sources */,
			);
			runOnlyForDeploymentPostprocessing = 0;
		};
/* End PBXSourcesBuildPhase section */

/* Begin PBXTargetDependency section */
		5B93E583134AD54600601601 /* PBXTargetDependency */ = {
			isa = PBXTargetDependency;
			target = 5B93E573134AD54500601601 /* OWForms */;
			targetProxy = 5B93E582134AD54600601601 /* PBXContainerItemProxy */;
		};
/* End PBXTargetDependency section */

/* Begin PBXVariantGroup section */
		5B1A5E1C155C6C4800FBED48 /* InfoPlist.strings */ = {
			isa = PBXVariantGroup;
			children = (
				5B1A5E1D155C6C4800FBED48 /* en */,
			);
			name = InfoPlist.strings;
			sourceTree = "<group>";
		};
		5B93E588134AD54600601601 /* InfoPlist.strings */ = {
			isa = PBXVariantGroup;
			children = (
				5B93E589134AD54600601601 /* en */,
			);
			name = InfoPlist.strings;
			sourceTree = "<group>";
		};
/* End PBXVariantGroup section */

/* Begin XCBuildConfiguration section */
		5B1A5E26155C6C4800FBED48 /* Debug */ = {
			isa = XCBuildConfiguration;
			buildSettings = {
				ALWAYS_SEARCH_USER_PATHS = NO;
				"CODE_SIGN_IDENTITY[sdk=iphoneos*]" = "iPhone Developer";
				COPY_PHASE_STRIP = NO;
				GCC_C_LANGUAGE_STANDARD = gnu99;
				GCC_DYNAMIC_NO_PIC = NO;
				GCC_OPTIMIZATION_LEVEL = 0;
				GCC_PRECOMPILE_PREFIX_HEADER = YES;
				GCC_PREFIX_HEADER = "OWFormExampleApp/OWFormExampleApp-Prefix.pch";
				GCC_PREPROCESSOR_DEFINITIONS = (
					"DEBUG=1",
					"$(inherited)",
				);
				GCC_SYMBOLS_PRIVATE_EXTERN = NO;
				GCC_VERSION = com.apple.compilers.llvm.clang.1_0;
				GCC_WARN_UNINITIALIZED_AUTOS = YES;
				INFOPLIST_FILE = "OWFormExampleApp/OWFormExampleApp-Info.plist";
				IPHONEOS_DEPLOYMENT_TARGET = 5.1;
				PRODUCT_NAME = "$(TARGET_NAME)";
				SDKROOT = iphoneos;
				WRAPPER_EXTENSION = app;
			};
			name = Debug;
		};
		5B1A5E27155C6C4800FBED48 /* Release */ = {
			isa = XCBuildConfiguration;
			buildSettings = {
				ALWAYS_SEARCH_USER_PATHS = NO;
				"CODE_SIGN_IDENTITY[sdk=iphoneos*]" = "iPhone Developer";
				COPY_PHASE_STRIP = YES;
				GCC_C_LANGUAGE_STANDARD = gnu99;
				GCC_PRECOMPILE_PREFIX_HEADER = YES;
				GCC_PREFIX_HEADER = "OWFormExampleApp/OWFormExampleApp-Prefix.pch";
				GCC_VERSION = com.apple.compilers.llvm.clang.1_0;
				GCC_WARN_UNINITIALIZED_AUTOS = YES;
				INFOPLIST_FILE = "OWFormExampleApp/OWFormExampleApp-Info.plist";
				IPHONEOS_DEPLOYMENT_TARGET = 5.1;
				PRODUCT_NAME = "$(TARGET_NAME)";
				SDKROOT = iphoneos;
				VALIDATE_PRODUCT = YES;
				WRAPPER_EXTENSION = app;
			};
			name = Release;
		};
		5B93E591134AD54600601601 /* Debug */ = {
			isa = XCBuildConfiguration;
			buildSettings = {
				ALWAYS_SEARCH_USER_PATHS = NO;
				BASE_PRODUCT_NAME = OWForms;
				DSTROOT = /tmp/OWForms.dst;
				GCC_C_LANGUAGE_STANDARD = gnu99;
				GCC_OPTIMIZATION_LEVEL = 0;
				GCC_PRECOMPILE_PREFIX_HEADER = YES;
				GCC_PREFIX_HEADER = "OWForms/OWForms-Prefix.pch";
				GCC_PREPROCESSOR_DEFINITIONS = DEBUG;
				GCC_SYMBOLS_PRIVATE_EXTERN = NO;
				GCC_VERSION = com.apple.compilers.llvm.clang.1_0;
				HEADERS_FOLDER_PATH = /../owforms/;
				HEADER_SEARCH_PATHS = (
					/usr/include,
					"\"$(CONFIGURATION_BUILD_DIR)/../owforms\"",
				);
				IPHONEOS_DEPLOYMENT_TARGET = 4.3;
				OTHER_LDFLAGS = "-ObjC";
				PRIVATE_HEADERS_FOLDER_PATH = "$(HEADERS_FOLDER_PATH)$(BASE_PRODUCT_NAME)private";
				PRODUCT_NAME = "$(TARGET_NAME)";
				PUBLIC_HEADERS_FOLDER_PATH = "$(HEADERS_FOLDER_PATH)$(BASE_PRODUCT_NAME)";
				SDKROOT = iphoneos;
			};
			name = Debug;
		};
		5B93E592134AD54600601601 /* Release */ = {
			isa = XCBuildConfiguration;
			buildSettings = {
				ALWAYS_SEARCH_USER_PATHS = NO;
				BASE_PRODUCT_NAME = OWForms;
				DSTROOT = /tmp/OWForms.dst;
				GCC_C_LANGUAGE_STANDARD = gnu99;
				GCC_PRECOMPILE_PREFIX_HEADER = YES;
				GCC_PREFIX_HEADER = "OWForms/OWForms-Prefix.pch";
				GCC_VERSION = com.apple.compilers.llvm.clang.1_0;
				HEADERS_FOLDER_PATH = /../owforms/;
				HEADER_SEARCH_PATHS = (
					/usr/include,
					"\"$(CONFIGURATION_BUILD_DIR)/../owforms\"",
				);
				IPHONEOS_DEPLOYMENT_TARGET = 4.3;
				OTHER_LDFLAGS = "-ObjC";
				PRIVATE_HEADERS_FOLDER_PATH = "$(HEADERS_FOLDER_PATH)$(BASE_PRODUCT_NAME)private";
				PRODUCT_NAME = "$(TARGET_NAME)";
				PUBLIC_HEADERS_FOLDER_PATH = "$(HEADERS_FOLDER_PATH)$(BASE_PRODUCT_NAME)";
				SDKROOT = iphoneos;
			};
			name = Release;
		};
		5B93E594134AD54600601601 /* Debug */ = {
			isa = XCBuildConfiguration;
			buildSettings = {
				ALWAYS_SEARCH_USER_PATHS = NO;
				FRAMEWORK_SEARCH_PATHS = (
					"$(SDKROOT)/Developer/Library/Frameworks",
					"$(DEVELOPER_LIBRARY_DIR)/Frameworks",
				);
				GCC_C_LANGUAGE_STANDARD = gnu99;
				GCC_OPTIMIZATION_LEVEL = 0;
				GCC_PRECOMPILE_PREFIX_HEADER = YES;
				GCC_PREFIX_HEADER = "OWFormsTests/OWFormsTests-Prefix.pch";
				GCC_PREPROCESSOR_DEFINITIONS = DEBUG;
				GCC_SYMBOLS_PRIVATE_EXTERN = NO;
				GCC_VERSION = com.apple.compilers.llvm.clang.1_0;
				INFOPLIST_FILE = "OWFormsTests/OWFormsTests-Info.plist";
				IPHONEOS_DEPLOYMENT_TARGET = 4.3;
				OTHER_LDFLAGS = (
					"-framework",
					SenTestingKit,
				);
				PRODUCT_NAME = "$(TARGET_NAME)";
				SDKROOT = iphoneos;
				WRAPPER_EXTENSION = octest;
			};
			name = Debug;
		};
		5B93E595134AD54600601601 /* Release */ = {
			isa = XCBuildConfiguration;
			buildSettings = {
				ALWAYS_SEARCH_USER_PATHS = NO;
				FRAMEWORK_SEARCH_PATHS = (
					"$(SDKROOT)/Developer/Library/Frameworks",
					"$(DEVELOPER_LIBRARY_DIR)/Frameworks",
				);
				GCC_C_LANGUAGE_STANDARD = gnu99;
				GCC_PRECOMPILE_PREFIX_HEADER = YES;
				GCC_PREFIX_HEADER = "OWFormsTests/OWFormsTests-Prefix.pch";
				GCC_VERSION = com.apple.compilers.llvm.clang.1_0;
				INFOPLIST_FILE = "OWFormsTests/OWFormsTests-Info.plist";
				IPHONEOS_DEPLOYMENT_TARGET = 4.3;
				OTHER_LDFLAGS = (
					"-framework",
					SenTestingKit,
				);
				PRODUCT_NAME = "$(TARGET_NAME)";
				SDKROOT = iphoneos;
				WRAPPER_EXTENSION = octest;
			};
			name = Release;
		};
		C01FCF4F08A954540054247B /* Debug */ = {
			isa = XCBuildConfiguration;
			buildSettings = {
				ARCHS = "$(ARCHS_STANDARD_32_BIT)";
				"CODE_SIGN_IDENTITY[sdk=iphoneos*]" = "iPhone Developer";
				GCC_C_LANGUAGE_STANDARD = c99;
				GCC_WARN_ABOUT_RETURN_TYPE = YES;
				GCC_WARN_UNUSED_VARIABLE = YES;
				IPHONEOS_DEPLOYMENT_TARGET = 3.0;
				SDKROOT = iphoneos;
				TARGETED_DEVICE_FAMILY = "1,2";
			};
			name = Debug;
		};
		C01FCF5008A954540054247B /* Release */ = {
			isa = XCBuildConfiguration;
			buildSettings = {
				ARCHS = "$(ARCHS_STANDARD_32_BIT)";
				"CODE_SIGN_IDENTITY[sdk=iphoneos*]" = "iPhone Developer";
				GCC_C_LANGUAGE_STANDARD = c99;
				GCC_WARN_ABOUT_RETURN_TYPE = YES;
				GCC_WARN_UNUSED_VARIABLE = YES;
				IPHONEOS_DEPLOYMENT_TARGET = 3.0;
				OTHER_CFLAGS = "-DNS_BLOCK_ASSERTIONS=1";
				SDKROOT = iphoneos;
				TARGETED_DEVICE_FAMILY = "1,2";
			};
			name = Release;
		};
/* End XCBuildConfiguration section */

/* Begin XCConfigurationList section */
		5B1A5E25155C6C4800FBED48 /* Build configuration list for PBXNativeTarget "OWFormExampleApp" */ = {
			isa = XCConfigurationList;
			buildConfigurations = (
				5B1A5E26155C6C4800FBED48 /* Debug */,
				5B1A5E27155C6C4800FBED48 /* Release */,
			);
			defaultConfigurationIsVisible = 0;
			defaultConfigurationName = Release;
		};
		5B93E590134AD54600601601 /* Build configuration list for PBXNativeTarget "OWForms" */ = {
			isa = XCConfigurationList;
			buildConfigurations = (
				5B93E591134AD54600601601 /* Debug */,
				5B93E592134AD54600601601 /* Release */,
			);
			defaultConfigurationIsVisible = 0;
			defaultConfigurationName = Release;
		};
		5B93E593134AD54600601601 /* Build configuration list for PBXNativeTarget "OWFormsTests" */ = {
			isa = XCConfigurationList;
			buildConfigurations = (
				5B93E594134AD54600601601 /* Debug */,
				5B93E595134AD54600601601 /* Release */,
			);
			defaultConfigurationIsVisible = 0;
			defaultConfigurationName = Release;
		};
		C01FCF4E08A954540054247B /* Build configuration list for PBXProject "OWForms" */ = {
			isa = XCConfigurationList;
			buildConfigurations = (
				C01FCF4F08A954540054247B /* Debug */,
				C01FCF5008A954540054247B /* Release */,
			);
			defaultConfigurationIsVisible = 0;
			defaultConfigurationName = Release;
		};
/* End XCConfigurationList section */
	};
	rootObject = 29B97313FDCFA39411CA2CEA /* Project object */;
}
