// !$*UTF8*$!
{
	archiveVersion = 1;
	classes = {
	};
	objectVersion = 45;
	objects = {

/* Begin PBXBuildFile section */
		1D60589B0D05DD56006BFB54 /* main.m in Sources */ = {isa = PBXBuildFile; fileRef = 29B97316FDCFA39411CA2CEA /* main.m */; };
		1D60589F0D05DD5A006BFB54 /* Foundation.framework in Frameworks */ = {isa = PBXBuildFile; fileRef = 1D30AB110D05D00D00671497 /* Foundation.framework */; };
		1DF5F4E00D08C38300B7A737 /* UIKit.framework in Frameworks */ = {isa = PBXBuildFile; fileRef = 1DF5F4DF0D08C38300B7A737 /* UIKit.framework */; };
		2860E328111B887F00E27156 /* AppDelegate_iPhone.m in Sources */ = {isa = PBXBuildFile; fileRef = 2860E326111B887F00E27156 /* AppDelegate_iPhone.m */; };
		2860E329111B887F00E27156 /* MainWindow_iPhone.xib in Resources */ = {isa = PBXBuildFile; fileRef = 2860E327111B887F00E27156 /* MainWindow_iPhone.xib */; };
		2860E32E111B888700E27156 /* AppDelegate_iPad.m in Sources */ = {isa = PBXBuildFile; fileRef = 2860E32C111B888700E27156 /* AppDelegate_iPad.m */; };
		2860E32F111B888700E27156 /* MainWindow_iPad.xib in Resources */ = {isa = PBXBuildFile; fileRef = 2860E32D111B888700E27156 /* MainWindow_iPad.xib */; };
		288765FD0DF74451002DB57D /* CoreGraphics.framework in Frameworks */ = {isa = PBXBuildFile; fileRef = 288765FC0DF74451002DB57D /* CoreGraphics.framework */; };
		5B3ACCC1124B1AF0006B4BCC /* OWForm.m in Sources */ = {isa = PBXBuildFile; fileRef = 5B3ACCC0124B1AF0006B4BCC /* OWForm.m */; };
		5B3ACCC4124B1FE7006B4BCC /* OWField.m in Sources */ = {isa = PBXBuildFile; fileRef = 5B3ACCC3124B1FE7006B4BCC /* OWField.m */; };
		5B7B6B7A125184CE0003EE50 /* OWTableViewCell.m in Sources */ = {isa = PBXBuildFile; fileRef = 5B7B6B79125184CE0003EE50 /* OWTableViewCell.m */; };
		F310899A126621CD005E0807 /* RootController.m in Sources */ = {isa = PBXBuildFile; fileRef = F3108998126621CD005E0807 /* RootController.m */; };
		F310899B126621CD005E0807 /* RootController.xib in Resources */ = {isa = PBXBuildFile; fileRef = F3108999126621CD005E0807 /* RootController.xib */; };
		F31C275E129C61C4009705D2 /* ListController.m in Sources */ = {isa = PBXBuildFile; fileRef = F31C275D129C61C4009705D2 /* ListController.m */; };
		F31E044C125BC16600A96758 /* AppDelegate_Shared.m in Sources */ = {isa = PBXBuildFile; fileRef = F31E044B125BC16600A96758 /* AppDelegate_Shared.m */; };
		F31E04D6125BCB1100A96758 /* ImageController.m in Sources */ = {isa = PBXBuildFile; fileRef = F31E04D4125BCB1100A96758 /* ImageController.m */; };
		F327C95C124EA5EF0097B24B /* NumberController.xib in Resources */ = {isa = PBXBuildFile; fileRef = F327C95B124EA5EF0097B24B /* NumberController.xib */; };
		F3E6185E124E7D2B0034F236 /* DatetimeController.m in Sources */ = {isa = PBXBuildFile; fileRef = F3E61854124E7D2B0034F236 /* DatetimeController.m */; };
		F3E61861124E7D2B0034F236 /* NotesController.m in Sources */ = {isa = PBXBuildFile; fileRef = F3E61859124E7D2B0034F236 /* NotesController.m */; };
		F3E61862124E7D2B0034F236 /* NumberController.m in Sources */ = {isa = PBXBuildFile; fileRef = F3E6185B124E7D2B0034F236 /* NumberController.m */; };
		F3E61863124E7D2B0034F236 /* StringController.m in Sources */ = {isa = PBXBuildFile; fileRef = F3E6185D124E7D2B0034F236 /* StringController.m */; };
		F3E61882124E80240034F236 /* OWSection.m in Sources */ = {isa = PBXBuildFile; fileRef = F3E61881124E80240034F236 /* OWSection.m */; };
		F3E61A64124EA0100034F236 /* DateController.m in Sources */ = {isa = PBXBuildFile; fileRef = F3E61A63124EA0100034F236 /* DateController.m */; };
		F3E61A83124EA15D0034F236 /* StringController.xib in Resources */ = {isa = PBXBuildFile; fileRef = F3E61A82124EA15D0034F236 /* StringController.xib */; };
/* End PBXBuildFile section */

/* Begin PBXFileReference section */
		1D30AB110D05D00D00671497 /* Foundation.framework */ = {isa = PBXFileReference; lastKnownFileType = wrapper.framework; name = Foundation.framework; path = System/Library/Frameworks/Foundation.framework; sourceTree = SDKROOT; };
		1D6058910D05DD3D006BFB54 /* OWForms.app */ = {isa = PBXFileReference; explicitFileType = wrapper.application; includeInIndex = 0; path = OWForms.app; sourceTree = BUILT_PRODUCTS_DIR; };
		1DF5F4DF0D08C38300B7A737 /* UIKit.framework */ = {isa = PBXFileReference; lastKnownFileType = wrapper.framework; name = UIKit.framework; path = System/Library/Frameworks/UIKit.framework; sourceTree = SDKROOT; };
		2860E325111B887F00E27156 /* AppDelegate_iPhone.h */ = {isa = PBXFileReference; fileEncoding = 4; lastKnownFileType = sourcecode.c.h; path = AppDelegate_iPhone.h; sourceTree = "<group>"; };
		2860E326111B887F00E27156 /* AppDelegate_iPhone.m */ = {isa = PBXFileReference; fileEncoding = 4; lastKnownFileType = sourcecode.c.objc; path = AppDelegate_iPhone.m; sourceTree = "<group>"; };
		2860E327111B887F00E27156 /* MainWindow_iPhone.xib */ = {isa = PBXFileReference; lastKnownFileType = file.xib; name = MainWindow_iPhone.xib; path = iPhone/MainWindow_iPhone.xib; sourceTree = "<group>"; };
		2860E32B111B888700E27156 /* AppDelegate_iPad.h */ = {isa = PBXFileReference; fileEncoding = 4; lastKnownFileType = sourcecode.c.h; path = AppDelegate_iPad.h; sourceTree = "<group>"; };
		2860E32C111B888700E27156 /* AppDelegate_iPad.m */ = {isa = PBXFileReference; fileEncoding = 4; lastKnownFileType = sourcecode.c.objc; path = AppDelegate_iPad.m; sourceTree = "<group>"; };
		2860E32D111B888700E27156 /* MainWindow_iPad.xib */ = {isa = PBXFileReference; lastKnownFileType = file.xib; name = MainWindow_iPad.xib; path = iPad/MainWindow_iPad.xib; sourceTree = "<group>"; };
		288765FC0DF74451002DB57D /* CoreGraphics.framework */ = {isa = PBXFileReference; lastKnownFileType = wrapper.framework; name = CoreGraphics.framework; path = System/Library/Frameworks/CoreGraphics.framework; sourceTree = SDKROOT; };
		29B97316FDCFA39411CA2CEA /* main.m */ = {isa = PBXFileReference; fileEncoding = 4; lastKnownFileType = sourcecode.c.objc; name = main.m; path = Shared/main.m; sourceTree = "<group>"; };
		32CA4F630368D1EE00C91783 /* OWForms_Prefix.pch */ = {isa = PBXFileReference; fileEncoding = 4; lastKnownFileType = sourcecode.c.h; path = OWForms_Prefix.pch; sourceTree = "<group>"; };
		5B3ACCBF124B1AF0006B4BCC /* OWForm.h */ = {isa = PBXFileReference; fileEncoding = 4; lastKnownFileType = sourcecode.c.h; path = OWForm.h; sourceTree = "<group>"; };
		5B3ACCC0124B1AF0006B4BCC /* OWForm.m */ = {isa = PBXFileReference; fileEncoding = 4; lastKnownFileType = sourcecode.c.objc; path = OWForm.m; sourceTree = "<group>"; };
		5B3ACCC2124B1FE7006B4BCC /* OWField.h */ = {isa = PBXFileReference; fileEncoding = 4; lastKnownFileType = sourcecode.c.h; path = OWField.h; sourceTree = "<group>"; };
		5B3ACCC3124B1FE7006B4BCC /* OWField.m */ = {isa = PBXFileReference; fileEncoding = 4; lastKnownFileType = sourcecode.c.objc; path = OWField.m; sourceTree = "<group>"; };
		5B7B6B78125184CE0003EE50 /* OWTableViewCell.h */ = {isa = PBXFileReference; fileEncoding = 4; lastKnownFileType = sourcecode.c.h; path = OWTableViewCell.h; sourceTree = "<group>"; };
		5B7B6B79125184CE0003EE50 /* OWTableViewCell.m */ = {isa = PBXFileReference; fileEncoding = 4; lastKnownFileType = sourcecode.c.objc; path = OWTableViewCell.m; sourceTree = "<group>"; };
		8D1107310486CEB800E47090 /* OWForms-Info.plist */ = {isa = PBXFileReference; fileEncoding = 4; lastKnownFileType = text.plist.xml; path = "OWForms-Info.plist"; plistStructureDefinitionIdentifier = "com.apple.xcode.plist.structure-definition.iphone.info-plist"; sourceTree = "<group>"; };
		F3108997126621CD005E0807 /* RootController.h */ = {isa = PBXFileReference; fileEncoding = 4; lastKnownFileType = sourcecode.c.h; path = RootController.h; sourceTree = "<group>"; };
		F3108998126621CD005E0807 /* RootController.m */ = {isa = PBXFileReference; fileEncoding = 4; lastKnownFileType = sourcecode.c.objc; path = RootController.m; sourceTree = "<group>"; };
		F3108999126621CD005E0807 /* RootController.xib */ = {isa = PBXFileReference; lastKnownFileType = file.xib; path = RootController.xib; sourceTree = "<group>"; };
		F31C275C129C61C4009705D2 /* ListController.h */ = {isa = PBXFileReference; fileEncoding = 4; lastKnownFileType = sourcecode.c.h; path = ListController.h; sourceTree = "<group>"; };
		F31C275D129C61C4009705D2 /* ListController.m */ = {isa = PBXFileReference; fileEncoding = 4; lastKnownFileType = sourcecode.c.objc; path = ListController.m; sourceTree = "<group>"; };
		F31E044A125BC16600A96758 /* AppDelegate_Shared.h */ = {isa = PBXFileReference; fileEncoding = 4; lastKnownFileType = sourcecode.c.h; path = AppDelegate_Shared.h; sourceTree = "<group>"; };
		F31E044B125BC16600A96758 /* AppDelegate_Shared.m */ = {isa = PBXFileReference; fileEncoding = 4; lastKnownFileType = sourcecode.c.objc; path = AppDelegate_Shared.m; sourceTree = "<group>"; };
		F31E04D3125BCB1100A96758 /* ImageController.h */ = {isa = PBXFileReference; fileEncoding = 4; lastKnownFileType = sourcecode.c.h; path = ImageController.h; sourceTree = "<group>"; };
		F31E04D4125BCB1100A96758 /* ImageController.m */ = {isa = PBXFileReference; fileEncoding = 4; lastKnownFileType = sourcecode.c.objc; path = ImageController.m; sourceTree = "<group>"; };
		F327C95B124EA5EF0097B24B /* NumberController.xib */ = {isa = PBXFileReference; lastKnownFileType = file.xib; path = NumberController.xib; sourceTree = "<group>"; };
		F3E61853124E7D2B0034F236 /* DatetimeController.h */ = {isa = PBXFileReference; fileEncoding = 4; lastKnownFileType = sourcecode.c.h; path = DatetimeController.h; sourceTree = "<group>"; };
		F3E61854124E7D2B0034F236 /* DatetimeController.m */ = {isa = PBXFileReference; fileEncoding = 4; lastKnownFileType = sourcecode.c.objc; path = DatetimeController.m; sourceTree = "<group>"; };
		F3E61858124E7D2B0034F236 /* NotesController.h */ = {isa = PBXFileReference; fileEncoding = 4; lastKnownFileType = sourcecode.c.h; path = NotesController.h; sourceTree = "<group>"; };
		F3E61859124E7D2B0034F236 /* NotesController.m */ = {isa = PBXFileReference; fileEncoding = 4; lastKnownFileType = sourcecode.c.objc; path = NotesController.m; sourceTree = "<group>"; };
		F3E6185A124E7D2B0034F236 /* NumberController.h */ = {isa = PBXFileReference; fileEncoding = 4; lastKnownFileType = sourcecode.c.h; path = NumberController.h; sourceTree = "<group>"; };
		F3E6185B124E7D2B0034F236 /* NumberController.m */ = {isa = PBXFileReference; fileEncoding = 4; lastKnownFileType = sourcecode.c.objc; path = NumberController.m; sourceTree = "<group>"; };
		F3E6185C124E7D2B0034F236 /* StringController.h */ = {isa = PBXFileReference; fileEncoding = 4; lastKnownFileType = sourcecode.c.h; path = StringController.h; sourceTree = "<group>"; };
		F3E6185D124E7D2B0034F236 /* StringController.m */ = {isa = PBXFileReference; fileEncoding = 4; lastKnownFileType = sourcecode.c.objc; path = StringController.m; sourceTree = "<group>"; };
		F3E61880124E80240034F236 /* OWSection.h */ = {isa = PBXFileReference; fileEncoding = 4; lastKnownFileType = sourcecode.c.h; path = OWSection.h; sourceTree = "<group>"; };
		F3E61881124E80240034F236 /* OWSection.m */ = {isa = PBXFileReference; fileEncoding = 4; lastKnownFileType = sourcecode.c.objc; path = OWSection.m; sourceTree = "<group>"; };
		F3E61A62124EA0100034F236 /* DateController.h */ = {isa = PBXFileReference; fileEncoding = 4; lastKnownFileType = sourcecode.c.h; path = DateController.h; sourceTree = "<group>"; };
		F3E61A63124EA0100034F236 /* DateController.m */ = {isa = PBXFileReference; fileEncoding = 4; lastKnownFileType = sourcecode.c.objc; path = DateController.m; sourceTree = "<group>"; };
		F3E61A82124EA15D0034F236 /* StringController.xib */ = {isa = PBXFileReference; lastKnownFileType = file.xib; path = StringController.xib; sourceTree = "<group>"; };
/* End PBXFileReference section */

/* Begin PBXFrameworksBuildPhase section */
		1D60588F0D05DD3D006BFB54 /* Frameworks */ = {
			isa = PBXFrameworksBuildPhase;
			buildActionMask = 2147483647;
			files = (
				1D60589F0D05DD5A006BFB54 /* Foundation.framework in Frameworks */,
				1DF5F4E00D08C38300B7A737 /* UIKit.framework in Frameworks */,
				288765FD0DF74451002DB57D /* CoreGraphics.framework in Frameworks */,
			);
			runOnlyForDeploymentPostprocessing = 0;
		};
/* End PBXFrameworksBuildPhase section */

/* Begin PBXGroup section */
		19C28FACFE9D520D11CA2CBB /* Products */ = {
			isa = PBXGroup;
			children = (
				1D6058910D05DD3D006BFB54 /* OWForms.app */,
			);
			name = Products;
			sourceTree = "<group>";
		};
		2860E324111B887F00E27156 /* iPhone */ = {
			isa = PBXGroup;
			children = (
				2860E325111B887F00E27156 /* AppDelegate_iPhone.h */,
				2860E326111B887F00E27156 /* AppDelegate_iPhone.m */,
			);
			path = iPhone;
			sourceTree = "<group>";
		};
		2860E32A111B888700E27156 /* iPad */ = {
			isa = PBXGroup;
			children = (
				2860E32B111B888700E27156 /* AppDelegate_iPad.h */,
				2860E32C111B888700E27156 /* AppDelegate_iPad.m */,
			);
			path = iPad;
			sourceTree = "<group>";
		};
		28EEBF621118D79A00187D67 /* Shared */ = {
			isa = PBXGroup;
			children = (
				F31E044A125BC16600A96758 /* AppDelegate_Shared.h */,
				F31E044B125BC16600A96758 /* AppDelegate_Shared.m */,
				F3108997126621CD005E0807 /* RootController.h */,
				F3108998126621CD005E0807 /* RootController.m */,
				5B3ACCBF124B1AF0006B4BCC /* OWForm.h */,
				5B3ACCC0124B1AF0006B4BCC /* OWForm.m */,
				5B3ACCC2124B1FE7006B4BCC /* OWField.h */,
				5B3ACCC3124B1FE7006B4BCC /* OWField.m */,
				F3E61880124E80240034F236 /* OWSection.h */,
				F3E61881124E80240034F236 /* OWSection.m */,
				5B7B6B78125184CE0003EE50 /* OWTableViewCell.h */,
				5B7B6B79125184CE0003EE50 /* OWTableViewCell.m */,
				5B62B66012566B1A003764A2 /* DetailControllers */,
			);
			name = Shared;
			sourceTree = "<group>";
		};
		29B97314FDCFA39411CA2CEA /* CustomTemplate */ = {
			isa = PBXGroup;
			children = (
				2860E32A111B888700E27156 /* iPad */,
				2860E324111B887F00E27156 /* iPhone */,
				28EEBF621118D79A00187D67 /* Shared */,
				29B97315FDCFA39411CA2CEA /* Other Sources */,
				29B97323FDCFA39411CA2CEA /* Frameworks */,
				19C28FACFE9D520D11CA2CBB /* Products */,
			);
			name = CustomTemplate;
			sourceTree = "<group>";
		};
		29B97315FDCFA39411CA2CEA /* Other Sources */ = {
			isa = PBXGroup;
			children = (
				2860E32D111B888700E27156 /* MainWindow_iPad.xib */,
				2860E327111B887F00E27156 /* MainWindow_iPhone.xib */,
				F3108999126621CD005E0807 /* RootController.xib */,
				F327C95B124EA5EF0097B24B /* NumberController.xib */,
				F3E61A82124EA15D0034F236 /* StringController.xib */,
				32CA4F630368D1EE00C91783 /* OWForms_Prefix.pch */,
				29B97316FDCFA39411CA2CEA /* main.m */,
				8D1107310486CEB800E47090 /* OWForms-Info.plist */,
			);
			name = "Other Sources";
			sourceTree = "<group>";
		};
		29B97323FDCFA39411CA2CEA /* Frameworks */ = {
			isa = PBXGroup;
			children = (
				1DF5F4DF0D08C38300B7A737 /* UIKit.framework */,
				1D30AB110D05D00D00671497 /* Foundation.framework */,
				288765FC0DF74451002DB57D /* CoreGraphics.framework */,
			);
			name = Frameworks;
			sourceTree = "<group>";
		};
		5B62B66012566B1A003764A2 /* DetailControllers */ = {
			isa = PBXGroup;
			children = (
				F3E6185C124E7D2B0034F236 /* StringController.h */,
				F3E6185D124E7D2B0034F236 /* StringController.m */,
				F3E6185A124E7D2B0034F236 /* NumberController.h */,
				F3E6185B124E7D2B0034F236 /* NumberController.m */,
				F3E61A62124EA0100034F236 /* DateController.h */,
				F3E61A63124EA0100034F236 /* DateController.m */,
				F3E61853124E7D2B0034F236 /* DatetimeController.h */,
				F3E61854124E7D2B0034F236 /* DatetimeController.m */,
				F3E61858124E7D2B0034F236 /* NotesController.h */,
				F3E61859124E7D2B0034F236 /* NotesController.m */,
				F31E04D3125BCB1100A96758 /* ImageController.h */,
				F31E04D4125BCB1100A96758 /* ImageController.m */,
				F31C275C129C61C4009705D2 /* ListController.h */,
				F31C275D129C61C4009705D2 /* ListController.m */,
			);
			name = DetailControllers;
			sourceTree = "<group>";
		};
/* End PBXGroup section */

/* Begin PBXNativeTarget section */
		1D6058900D05DD3D006BFB54 /* OWForms */ = {
			isa = PBXNativeTarget;
			buildConfigurationList = 1D6058960D05DD3E006BFB54 /* Build configuration list for PBXNativeTarget "OWForms" */;
			buildPhases = (
				1D60588D0D05DD3D006BFB54 /* Resources */,
				1D60588E0D05DD3D006BFB54 /* Sources */,
				1D60588F0D05DD3D006BFB54 /* Frameworks */,
			);
			buildRules = (
			);
			dependencies = (
			);
			name = OWForms;
			productName = OWForms;
			productReference = 1D6058910D05DD3D006BFB54 /* OWForms.app */;
			productType = "com.apple.product-type.application";
		};
/* End PBXNativeTarget section */

/* Begin PBXProject section */
		29B97313FDCFA39411CA2CEA /* Project object */ = {
			isa = PBXProject;
			buildConfigurationList = C01FCF4E08A954540054247B /* Build configuration list for PBXProject "OWForms" */;
			compatibilityVersion = "Xcode 3.1";
			developmentRegion = English;
			hasScannedForEncodings = 1;
			knownRegions = (
				English,
				Japanese,
				French,
				German,
			);
			mainGroup = 29B97314FDCFA39411CA2CEA /* CustomTemplate */;
			projectDirPath = "";
			projectRoot = "";
			targets = (
				1D6058900D05DD3D006BFB54 /* OWForms */,
			);
		};
/* End PBXProject section */

/* Begin PBXResourcesBuildPhase section */
		1D60588D0D05DD3D006BFB54 /* Resources */ = {
			isa = PBXResourcesBuildPhase;
			buildActionMask = 2147483647;
			files = (
				2860E329111B887F00E27156 /* MainWindow_iPhone.xib in Resources */,
				2860E32F111B888700E27156 /* MainWindow_iPad.xib in Resources */,
				F3E61A83124EA15D0034F236 /* StringController.xib in Resources */,
				F327C95C124EA5EF0097B24B /* NumberController.xib in Resources */,
				F310899B126621CD005E0807 /* RootController.xib in Resources */,
			);
			runOnlyForDeploymentPostprocessing = 0;
		};
/* End PBXResourcesBuildPhase section */

/* Begin PBXSourcesBuildPhase section */
		1D60588E0D05DD3D006BFB54 /* Sources */ = {
			isa = PBXSourcesBuildPhase;
			buildActionMask = 2147483647;
			files = (
				1D60589B0D05DD56006BFB54 /* main.m in Sources */,
				2860E328111B887F00E27156 /* AppDelegate_iPhone.m in Sources */,
				2860E32E111B888700E27156 /* AppDelegate_iPad.m in Sources */,
				5B3ACCC1124B1AF0006B4BCC /* OWForm.m in Sources */,
				5B3ACCC4124B1FE7006B4BCC /* OWField.m in Sources */,
				F3E6185E124E7D2B0034F236 /* DatetimeController.m in Sources */,
				F3E61861124E7D2B0034F236 /* NotesController.m in Sources */,
				F3E61862124E7D2B0034F236 /* NumberController.m in Sources */,
				F3E61863124E7D2B0034F236 /* StringController.m in Sources */,
				F3E61882124E80240034F236 /* OWSection.m in Sources */,
				F3E61A64124EA0100034F236 /* DateController.m in Sources */,
				F31E044C125BC16600A96758 /* AppDelegate_Shared.m in Sources */,
				F31E04D6125BCB1100A96758 /* ImageController.m in Sources */,
				F310899A126621CD005E0807 /* RootController.m in Sources */,
				5B7B6B7A125184CE0003EE50 /* OWTableViewCell.m in Sources */,
				F31C275E129C61C4009705D2 /* ListController.m in Sources */,
			);
			runOnlyForDeploymentPostprocessing = 0;
		};
/* End PBXSourcesBuildPhase section */

/* Begin XCBuildConfiguration section */
		1D6058940D05DD3E006BFB54 /* Debug */ = {
			isa = XCBuildConfiguration;
			buildSettings = {
				ALWAYS_SEARCH_USER_PATHS = NO;
				COPY_PHASE_STRIP = NO;
				GCC_DYNAMIC_NO_PIC = NO;
				GCC_OPTIMIZATION_LEVEL = 0;
				GCC_PRECOMPILE_PREFIX_HEADER = YES;
				GCC_PREFIX_HEADER = OWForms_Prefix.pch;
				INFOPLIST_FILE = "OWForms-Info.plist";
				PRODUCT_NAME = OWForms;
			};
			name = Debug;
		};
		1D6058950D05DD3E006BFB54 /* Release */ = {
			isa = XCBuildConfiguration;
			buildSettings = {
				ALWAYS_SEARCH_USER_PATHS = NO;
				COPY_PHASE_STRIP = YES;
				GCC_PRECOMPILE_PREFIX_HEADER = YES;
				GCC_PREFIX_HEADER = OWForms_Prefix.pch;
				INFOPLIST_FILE = "OWForms-Info.plist";
				PRODUCT_NAME = OWForms;
				VALIDATE_PRODUCT = YES;
			};
			name = Release;
		};
		C01FCF4F08A954540054247B /* Debug */ = {
			isa = XCBuildConfiguration;
			buildSettings = {
				ARCHS = "$(ARCHS_STANDARD_32_BIT)";
				"CODE_SIGN_IDENTITY[sdk=iphoneos*]" = "iPhone Developer";
				GCC_C_LANGUAGE_STANDARD = c99;
				GCC_WARN_ABOUT_RETURN_TYPE = YES;
				GCC_WARN_UNUSED_VARIABLE = YES;
				IPHONEOS_DEPLOYMENT_TARGET = 3.0;
				PREBINDING = NO;
				SDKROOT = iphoneos4.1;
				TARGETED_DEVICE_FAMILY = "1,2";
			};
			name = Debug;
		};
		C01FCF5008A954540054247B /* Release */ = {
			isa = XCBuildConfiguration;
			buildSettings = {
				ARCHS = "$(ARCHS_STANDARD_32_BIT)";
				"CODE_SIGN_IDENTITY[sdk=iphoneos*]" = "iPhone Developer";
				GCC_C_LANGUAGE_STANDARD = c99;
				GCC_WARN_ABOUT_RETURN_TYPE = YES;
				GCC_WARN_UNUSED_VARIABLE = YES;
				IPHONEOS_DEPLOYMENT_TARGET = 3.0;
				OTHER_CFLAGS = "-DNS_BLOCK_ASSERTIONS=1";
				PREBINDING = NO;
				SDKROOT = iphoneos4.1;
				TARGETED_DEVICE_FAMILY = "1,2";
			};
			name = Release;
		};
/* End XCBuildConfiguration section */

/* Begin XCConfigurationList section */
		1D6058960D05DD3E006BFB54 /* Build configuration list for PBXNativeTarget "OWForms" */ = {
			isa = XCConfigurationList;
			buildConfigurations = (
				1D6058940D05DD3E006BFB54 /* Debug */,
				1D6058950D05DD3E006BFB54 /* Release */,
			);
			defaultConfigurationIsVisible = 0;
			defaultConfigurationName = Release;
		};
		C01FCF4E08A954540054247B /* Build configuration list for PBXProject "OWForms" */ = {
			isa = XCConfigurationList;
			buildConfigurations = (
				C01FCF4F08A954540054247B /* Debug */,
				C01FCF5008A954540054247B /* Release */,
			);
			defaultConfigurationIsVisible = 0;
			defaultConfigurationName = Release;
		};
/* End XCConfigurationList section */
	};
	rootObject = 29B97313FDCFA39411CA2CEA /* Project object */;
}
